
Microsoft Visual Studio Solution File, Format Version 12.00
# Visual Studio 15
VisualStudioVersion = 15.0.27703.2018
MinimumVisualStudioVersion = 10.0.40219.1
Project("{FAE04EC0-301F-11D3-BF4B-00C04F79EFBC}") = "IRPAutobotti", "IRPAutobotti\IRPAutobotti.csproj", "{16EAF7BE-6D5B-4B5B-9F24-D14986B88EB4}"
EndProject
Global
	GlobalSection(SolutionConfigurationPlatforms) = preSolution
		Debug|Any CPU = Debug|Any CPU
		Release|Any CPU = Release|Any CPU
	EndGlobalSection
	GlobalSection(ProjectConfigurationPlatforms) = postSolution
		{16EAF7BE-6D5B-4B5B-9F24-D14986B88EB4}.Debug|Any CPU.ActiveCfg = Debug|Any CPU
		{16EAF7BE-6D5B-4B5B-9F24-D14986B88EB4}.Debug|Any CPU.Build.0 = Debug|Any CPU
		{16EAF7BE-6D5B-4B5B-9F24-D14986B88EB4}.Release|Any CPU.ActiveCfg = Release|Any CPU
		{16EAF7BE-6D5B-4B5B-9F24-D14986B88EB4}.Release|Any CPU.Build.0 = Release|Any CPU
	EndGlobalSection
	GlobalSection(SolutionProperties) = preSolution
		HideSolutionNode = FALSE
	EndGlobalSection
	GlobalSection(ExtensibilityGlobals) = postSolution
		SolutionGuid = {35C067EB-9D60-46DE-8393-C25AFB208C3C}
	EndGlobalSection
EndGlobal
